github.com/go-logr/logr v1.4.1 h1:pKouT5E8xu9zeFC39JXRDukb6JFQPXM5p5I91188VAQ=
github.com/go-logr/logr v1.4.1/go.mod h1:9T104GzyrTigFIr8wt5mBrctHMim0Nb2HLGrmQ40KvY=
github.com/google/go-cmp v0.6.0 h1:ofyhxvXcZhMsU5ulbFiLKl/XBFqE1GSq7atu8tAmTRI=
github.com/google/go-cmp v0.6.0/go.mod h1:17dUlkBOakJ0+DkrSSNjCkIjxS6bF9zb3elmeNGIjoY=
github.com/transparency-dev/formats v0.0.0-20230914071414-5732692f1e50 h1:FVMl+jA2NBlbUm5XjLJNMrSLqbA/SpeXhKoirj3MMwg=
github.com/transparency-dev/formats v0.0.0-20230914071414-5732692f1e50/go.mod h1:J2NdDb6IhKIvF6MwCvKikz9/QStRylEtS2mv+En+jBg=
github.com/transparency-dev/merkle v0.0.2 h1:Q9nBoQcZcgPamMkGn7ghV8XiTZ/kRxn1yCG81+twTK4=
github.com/transparency-dev/merkle v0.0.2/go.mod h1:pqSy+OXefQ1EDUVmAJ8MUhHB9TXGuzVAT58PqBoHz1A=
golang.org/x/mod v0.15.0 h1:SernR4v+D55NyBH2QiEQrlBAnj1ECL6AGrA5+dPaMY8=
golang.org/x/mod v0.15.0/go.mod h1:hTbmBsO62+eylJbnUtE2MGJUyE7QWk4xUqPFrRgJ+7c=
golang.org/x/sync v0.6.0 h1:5BMeUDZ7vkXGfEr1x9B4bRcTH4lpkTkpdh0T/J+qjbQ=
golang.org/x/sync v0.6.0/go.mod h1:Czt+wKu1gCyEFDUtn0jG5QVvpJ6rzVqr5aXyt9drQfk=
k8s.io/klog/v2 v2.120.1 h1:QXU6cPEOIslTGvZaXvFWiP9VKyeet3sawzTOvdXb4Vw=
k8s.io/klog/v2 v2.120.1/go.mod h1:3Jpz1GvMt720eyJH1ckRHK1EDfpxISzJ7I9OYgaDtPE=
